
Microsoft Visual Studio Solution File, Format Version 12.00
# Visual Studio Version 16
VisualStudioVersion = 16.0.29709.97
MinimumVisualStudioVersion = 10.0.40219.1
Project("{FAE04EC0-301F-11D3-BF4B-00C04F79EFBC}") = "SharePointListComparer", "SharePointListComparer\SharePointListComparer.csproj", "{A2658B5A-B3E0-4C40-AB56-1A3BD82EC4B9}"
EndProject
Global
	GlobalSection(SolutionConfigurationPlatforms) = preSolution
		Debug|Any CPU = Debug|Any CPU
		Debug|x86 = Debug|x86
		Release|Any CPU = Release|Any CPU
		Release|x86 = Release|x86
	EndGlobalSection
	GlobalSection(ProjectConfigurationPlatforms) = postSolution
		{A2658B5A-B3E0-4C40-AB56-1A3BD82EC4B9}.Debug|Any CPU.ActiveCfg = Debug|Any CPU
		{A2658B5A-B3E0-4C40-AB56-1A3BD82EC4B9}.Debug|Any CPU.Build.0 = Debug|Any CPU
		{A2658B5A-B3E0-4C40-AB56-1A3BD82EC4B9}.Debug|x86.ActiveCfg = Debug|Any CPU
		{A2658B5A-B3E0-4C40-AB56-1A3BD82EC4B9}.Debug|x86.Build.0 = Debug|Any CPU
		{A2658B5A-B3E0-4C40-AB56-1A3BD82EC4B9}.Release|Any CPU.ActiveCfg = Release|Any CPU
		{A2658B5A-B3E0-4C40-AB56-1A3BD82EC4B9}.Release|Any CPU.Build.0 = Release|Any CPU
		{A2658B5A-B3E0-4C40-AB56-1A3BD82EC4B9}.Release|x86.ActiveCfg = Release|Any CPU
		{A2658B5A-B3E0-4C40-AB56-1A3BD82EC4B9}.Release|x86.Build.0 = Release|Any CPU
	EndGlobalSection
	GlobalSection(SolutionProperties) = preSolution
		HideSolutionNode = FALSE
	EndGlobalSection
	GlobalSection(ExtensibilityGlobals) = postSolution
		SolutionGuid = {F0430394-07BA-4565-B18F-D05AEB70FFC3}
	EndGlobalSection
EndGlobal
